
Microsoft Visual Studio Solution File, Format Version 12.00
# Visual Studio Version 17
VisualStudioVersion = 17.0.32014.148
MinimumVisualStudioVersion = 10.0.40219.1
Project("{FAE04EC0-301F-11D3-BF4B-00C04F79EFBC}") = "SeewoLamp", "SeewoLamp.csproj", "{97C63B66-9E13-4208-B220-6D895A310EAA}"
EndProject
Global
	GlobalSection(SolutionConfigurationPlatforms) = preSolution
		Debug|Any CPU = Debug|Any CPU
		Release|Any CPU = Release|Any CPU
	EndGlobalSection
	GlobalSection(ProjectConfigurationPlatforms) = postSolution
		{97C63B66-9E13-4208-B220-6D895A310EAA}.Debug|Any CPU.ActiveCfg = Debug|Any CPU
		{97C63B66-9E13-4208-B220-6D895A310EAA}.Debug|Any CPU.Build.0 = Debug|Any CPU
		{97C63B66-9E13-4208-B220-6D895A310EAA}.Release|Any CPU.ActiveCfg = Release|Any CPU
		{97C63B66-9E13-4208-B220-6D895A310EAA}.Release|Any CPU.Build.0 = Release|Any CPU
	EndGlobalSection
	GlobalSection(SolutionProperties) = preSolution
		HideSolutionNode = FALSE
	EndGlobalSection
	GlobalSection(ExtensibilityGlobals) = postSolution
		SolutionGuid = {457B5C23-EA58-4264-9560-464BE9550639}
	EndGlobalSection
EndGlobal
